
Microsoft Visual Studio Solution File, Format Version 12.00
# Visual Studio Version 17
VisualStudioVersion = 17.12.35506.116
MinimumVisualStudioVersion = 10.0.40219.1
Project("{FAE04EC0-301F-11D3-BF4B-00C04F79EFBC}") = "Synima", "Synima\Synima.csproj", "{C4073CE6-9E82-4AAE-A233-030E9FFB6E49}"
EndProject
Project("{FAE04EC0-301F-11D3-BF4B-00C04F79EFBC}") = "SYN.Domain", "SYN.Domain\SYN.Domain.csproj", "{BF45BFB2-3EAC-4C1E-97AA-506A5F9DA18B}"
EndProject
Project("{FAE04EC0-301F-11D3-BF4B-00C04F79EFBC}") = "SYN.Application", "SYN.Application\SYN.Application.csproj", "{7925D9C7-3A86-40D6-9AF3-48DCB2906C16}"
EndProject
Project("{FAE04EC0-301F-11D3-BF4B-00C04F79EFBC}") = "SYN.Infrastructure", "SYN.Infrastructure\SYN.Infrastructure.csproj", "{F7E7DBFC-1C27-48E0-9676-1576F40E8362}"
EndProject
Global
	GlobalSection(SolutionConfigurationPlatforms) = preSolution
		Debug|Any CPU = Debug|Any CPU
		Release|Any CPU = Release|Any CPU
	EndGlobalSection
	GlobalSection(ProjectConfigurationPlatforms) = postSolution
		{C4073CE6-9E82-4AAE-A233-030E9FFB6E49}.Debug|Any CPU.ActiveCfg = Debug|Any CPU
		{C4073CE6-9E82-4AAE-A233-030E9FFB6E49}.Debug|Any CPU.Build.0 = Debug|Any CPU
		{C4073CE6-9E82-4AAE-A233-030E9FFB6E49}.Release|Any CPU.ActiveCfg = Release|Any CPU
		{C4073CE6-9E82-4AAE-A233-030E9FFB6E49}.Release|Any CPU.Build.0 = Release|Any CPU
		{BF45BFB2-3EAC-4C1E-97AA-506A5F9DA18B}.Debug|Any CPU.ActiveCfg = Debug|Any CPU
		{BF45BFB2-3EAC-4C1E-97AA-506A5F9DA18B}.Debug|Any CPU.Build.0 = Debug|Any CPU
		{BF45BFB2-3EAC-4C1E-97AA-506A5F9DA18B}.Release|Any CPU.ActiveCfg = Release|Any CPU
		{BF45BFB2-3EAC-4C1E-97AA-506A5F9DA18B}.Release|Any CPU.Build.0 = Release|Any CPU
		{7925D9C7-3A86-40D6-9AF3-48DCB2906C16}.Debug|Any CPU.ActiveCfg = Debug|Any CPU
		{7925D9C7-3A86-40D6-9AF3-48DCB2906C16}.Debug|Any CPU.Build.0 = Debug|Any CPU
		{7925D9C7-3A86-40D6-9AF3-48DCB2906C16}.Release|Any CPU.ActiveCfg = Release|Any CPU
		{7925D9C7-3A86-40D6-9AF3-48DCB2906C16}.Release|Any CPU.Build.0 = Release|Any CPU
		{F7E7DBFC-1C27-48E0-9676-1576F40E8362}.Debug|Any CPU.ActiveCfg = Debug|Any CPU
		{F7E7DBFC-1C27-48E0-9676-1576F40E8362}.Debug|Any CPU.Build.0 = Debug|Any CPU
		{F7E7DBFC-1C27-48E0-9676-1576F40E8362}.Release|Any CPU.ActiveCfg = Release|Any CPU
		{F7E7DBFC-1C27-48E0-9676-1576F40E8362}.Release|Any CPU.Build.0 = Release|Any CPU
	EndGlobalSection
	GlobalSection(SolutionProperties) = preSolution
		HideSolutionNode = FALSE
	EndGlobalSection
EndGlobal
